
Microsoft Visual Studio Solution File, Format Version 12.00
# Visual Studio Version 17
VisualStudioVersion = 17.13.35828.75 d17.13
MinimumVisualStudioVersion = 10.0.40219.1
Project("{FAE04EC0-301F-11D3-BF4B-00C04F79EFBC}") = "Calcolatrice", "Calcolatrice\Calcolatrice.csproj", "{B4F21D1E-3E47-43C4-94C2-4E5DCA5BEBC8}"
EndProject
Global
	GlobalSection(SolutionConfigurationPlatforms) = preSolution
		Debug|Any CPU = Debug|Any CPU
		Release|Any CPU = Release|Any CPU
	EndGlobalSection
	GlobalSection(ProjectConfigurationPlatforms) = postSolution
		{B4F21D1E-3E47-43C4-94C2-4E5DCA5BEBC8}.Debug|Any CPU.ActiveCfg = Debug|Any CPU
		{B4F21D1E-3E47-43C4-94C2-4E5DCA5BEBC8}.Debug|Any CPU.Build.0 = Debug|Any CPU
		{B4F21D1E-3E47-43C4-94C2-4E5DCA5BEBC8}.Release|Any CPU.ActiveCfg = Release|Any CPU
		{B4F21D1E-3E47-43C4-94C2-4E5DCA5BEBC8}.Release|Any CPU.Build.0 = Release|Any CPU
	EndGlobalSection
	GlobalSection(SolutionProperties) = preSolution
		HideSolutionNode = FALSE
	EndGlobalSection
	GlobalSection(ExtensibilityGlobals) = postSolution
		SolutionGuid = {DCA090AE-75BE-426F-94E5-7AC9B65204E1}
	EndGlobalSection
EndGlobal
